
Microsoft Visual Studio Solution File, Format Version 12.00
# Visual Studio Version 17
VisualStudioVersion = 17.6.33723.286
MinimumVisualStudioVersion = 10.0.40219.1
Project("{FAE04EC0-301F-11D3-BF4B-00C04F79EFBC}") = "Khranitel", "Khranitel\Khranitel.csproj", "{9F88A5F5-7FAA-4898-8B5F-4E6BE428B074}"
EndProject
Global
	GlobalSection(SolutionConfigurationPlatforms) = preSolution
		Debug|Any CPU = Debug|Any CPU
		Release|Any CPU = Release|Any CPU
	EndGlobalSection
	GlobalSection(ProjectConfigurationPlatforms) = postSolution
		{9F88A5F5-7FAA-4898-8B5F-4E6BE428B074}.Debug|Any CPU.ActiveCfg = Debug|Any CPU
		{9F88A5F5-7FAA-4898-8B5F-4E6BE428B074}.Debug|Any CPU.Build.0 = Debug|Any CPU
		{9F88A5F5-7FAA-4898-8B5F-4E6BE428B074}.Release|Any CPU.ActiveCfg = Release|Any CPU
		{9F88A5F5-7FAA-4898-8B5F-4E6BE428B074}.Release|Any CPU.Build.0 = Release|Any CPU
	EndGlobalSection
	GlobalSection(SolutionProperties) = preSolution
		HideSolutionNode = FALSE
	EndGlobalSection
	GlobalSection(ExtensibilityGlobals) = postSolution
		SolutionGuid = {B054D3A4-62E1-4D57-BA93-43B719BD8C39}
	EndGlobalSection
EndGlobal
